
Microsoft Visual Studio Solution File, Format Version 12.00
# Visual Studio Version 17
VisualStudioVersion = 17.10.35013.160
MinimumVisualStudioVersion = 10.0.40219.1
Project("{9A19103F-16F7-4668-BE54-9A1E7A4F7556}") = "MovieAggregator", "MovieAggregator.csproj", "{02E70468-2F8C-4753-8463-7366DCAA6A6B}"
EndProject
Global
	GlobalSection(SolutionConfigurationPlatforms) = preSolution
		Debug|Any CPU = Debug|Any CPU
		Release|Any CPU = Release|Any CPU
	EndGlobalSection
	GlobalSection(ProjectConfigurationPlatforms) = postSolution
		{02E70468-2F8C-4753-8463-7366DCAA6A6B}.Debug|Any CPU.ActiveCfg = Debug|Any CPU
		{02E70468-2F8C-4753-8463-7366DCAA6A6B}.Debug|Any CPU.Build.0 = Debug|Any CPU
		{02E70468-2F8C-4753-8463-7366DCAA6A6B}.Release|Any CPU.ActiveCfg = Release|Any CPU
		{02E70468-2F8C-4753-8463-7366DCAA6A6B}.Release|Any CPU.Build.0 = Release|Any CPU
	EndGlobalSection
	GlobalSection(SolutionProperties) = preSolution
		HideSolutionNode = FALSE
	EndGlobalSection
	GlobalSection(ExtensibilityGlobals) = postSolution
		SolutionGuid = {747FDD62-D30F-4D1C-9D81-9C0CEC13CB2D}
	EndGlobalSection
EndGlobal
